// !$*UTF8*$!
{
	archiveVersion = 1;
	classes = {
	};
	objectVersion = 46;
	objects = {

/* Begin PBXBuildFile section */
		AF5E44E81BA72776000126C0 /* QuizTableViewController.swift in Sources */ = {isa = PBXBuildFile; fileRef = AF5E44E71BA72776000126C0 /* QuizTableViewController.swift */; };
		AF5E44EB1BA727A5000126C0 /* Quiz.plist in Resources */ = {isa = PBXBuildFile; fileRef = AF5E44E91BA727A5000126C0 /* Quiz.plist */; };
		AF617B8B1B8C93D70091A5F1 /* AsyncButton.swift in Sources */ = {isa = PBXBuildFile; fileRef = AF617B6D1B8C93D70091A5F1 /* AsyncButton.swift */; };
		AF617B8C1B8C93D70091A5F1 /* AsyncImageView.swift in Sources */ = {isa = PBXBuildFile; fileRef = AF617B6E1B8C93D70091A5F1 /* AsyncImageView.swift */; };
		AF617B8D1B8C93D70091A5F1 /* AutoTextView.swift in Sources */ = {isa = PBXBuildFile; fileRef = AF617B6F1B8C93D70091A5F1 /* AutoTextView.swift */; };
		AF617B8E1B8C93D70091A5F1 /* BlurView.swift in Sources */ = {isa = PBXBuildFile; fileRef = AF617B701B8C93D70091A5F1 /* BlurView.swift */; };
		AF617B8F1B8C93D70091A5F1 /* DesignableButton.swift in Sources */ = {isa = PBXBuildFile; fileRef = AF617B711B8C93D70091A5F1 /* DesignableButton.swift */; };
		AF617B901B8C93D70091A5F1 /* DesignableImageView.swift in Sources */ = {isa = PBXBuildFile; fileRef = AF617B721B8C93D70091A5F1 /* DesignableImageView.swift */; };
		AF617B911B8C93D70091A5F1 /* DesignableLabel.swift in Sources */ = {isa = PBXBuildFile; fileRef = AF617B731B8C93D70091A5F1 /* DesignableLabel.swift */; };
		AF617B921B8C93D70091A5F1 /* DesignableTabBarController.swift in Sources */ = {isa = PBXBuildFile; fileRef = AF617B741B8C93D70091A5F1 /* DesignableTabBarController.swift */; };
		AF617B931B8C93D70091A5F1 /* DesignableTextField.swift in Sources */ = {isa = PBXBuildFile; fileRef = AF617B751B8C93D70091A5F1 /* DesignableTextField.swift */; };
		AF617B941B8C93D70091A5F1 /* DesignableTextView.swift in Sources */ = {isa = PBXBuildFile; fileRef = AF617B761B8C93D70091A5F1 /* DesignableTextView.swift */; };
		AF617B951B8C93D70091A5F1 /* DesignableView.swift in Sources */ = {isa = PBXBuildFile; fileRef = AF617B771B8C93D70091A5F1 /* DesignableView.swift */; };
		AF617B961B8C93D70091A5F1 /* ImageLoader.swift in Sources */ = {isa = PBXBuildFile; fileRef = AF617B781B8C93D70091A5F1 /* ImageLoader.swift */; };
		AF617B971B8C93D70091A5F1 /* Info.plist in Resources */ = {isa = PBXBuildFile; fileRef = AF617B791B8C93D70091A5F1 /* Info.plist */; };
		AF617B981B8C93D70091A5F1 /* KeyboardLayoutConstraint.swift in Sources */ = {isa = PBXBuildFile; fileRef = AF617B7A1B8C93D70091A5F1 /* KeyboardLayoutConstraint.swift */; };
		AF617B991B8C93D70091A5F1 /* LoadingView.swift in Sources */ = {isa = PBXBuildFile; fileRef = AF617B7B1B8C93D70091A5F1 /* LoadingView.swift */; };
		AF617B9A1B8C93D70091A5F1 /* LoadingView.xib in Resources */ = {isa = PBXBuildFile; fileRef = AF617B7C1B8C93D70091A5F1 /* LoadingView.xib */; };
		AF617B9B1B8C93D70091A5F1 /* Misc.swift in Sources */ = {isa = PBXBuildFile; fileRef = AF617B7D1B8C93D70091A5F1 /* Misc.swift */; };
		AF617B9C1B8C93D70091A5F1 /* SoundPlayer.swift in Sources */ = {isa = PBXBuildFile; fileRef = AF617B7E1B8C93D70091A5F1 /* SoundPlayer.swift */; };
		AF617B9D1B8C93D70091A5F1 /* Spring.swift in Sources */ = {isa = PBXBuildFile; fileRef = AF617B801B8C93D70091A5F1 /* Spring.swift */; };
		AF617B9E1B8C93D70091A5F1 /* SpringAnimation.swift in Sources */ = {isa = PBXBuildFile; fileRef = AF617B811B8C93D70091A5F1 /* SpringAnimation.swift */; };
		AF617B9F1B8C93D70091A5F1 /* SpringButton.swift in Sources */ = {isa = PBXBuildFile; fileRef = AF617B821B8C93D70091A5F1 /* SpringButton.swift */; };
		AF617BA01B8C93D70091A5F1 /* SpringImageView.swift in Sources */ = {isa = PBXBuildFile; fileRef = AF617B831B8C93D70091A5F1 /* SpringImageView.swift */; };
		AF617BA11B8C93D70091A5F1 /* SpringLabel.swift in Sources */ = {isa = PBXBuildFile; fileRef = AF617B841B8C93D70091A5F1 /* SpringLabel.swift */; };
		AF617BA21B8C93D70091A5F1 /* SpringTextField.swift in Sources */ = {isa = PBXBuildFile; fileRef = AF617B851B8C93D70091A5F1 /* SpringTextField.swift */; };
		AF617BA31B8C93D70091A5F1 /* SpringTextView.swift in Sources */ = {isa = PBXBuildFile; fileRef = AF617B861B8C93D70091A5F1 /* SpringTextView.swift */; };
		AF617BA41B8C93D70091A5F1 /* SpringView.swift in Sources */ = {isa = PBXBuildFile; fileRef = AF617B871B8C93D70091A5F1 /* SpringView.swift */; };
		AF617BA51B8C93D70091A5F1 /* TransitionManager.swift in Sources */ = {isa = PBXBuildFile; fileRef = AF617B881B8C93D70091A5F1 /* TransitionManager.swift */; };
		AF617BA61B8C93D70091A5F1 /* TransitionZoom.swift in Sources */ = {isa = PBXBuildFile; fileRef = AF617B891B8C93D70091A5F1 /* TransitionZoom.swift */; };
		AF617BA71B8C93D70091A5F1 /* UnwindSegue.swift in Sources */ = {isa = PBXBuildFile; fileRef = AF617B8A1B8C93D70091A5F1 /* UnwindSegue.swift */; };
		AF6AE8AF1B69313200329A20 /* AppDelegate.swift in Sources */ = {isa = PBXBuildFile; fileRef = AF6AE8AE1B69313200329A20 /* AppDelegate.swift */; };
		AF6AE8B11B69313200329A20 /* ViewController.swift in Sources */ = {isa = PBXBuildFile; fileRef = AF6AE8B01B69313200329A20 /* ViewController.swift */; };
		AF6AE8B41B69313200329A20 /* Main.storyboard in Resources */ = {isa = PBXBuildFile; fileRef = AF6AE8B21B69313200329A20 /* Main.storyboard */; };
		AF6AE8B61B69313200329A20 /* Images.xcassets in Resources */ = {isa = PBXBuildFile; fileRef = AF6AE8B51B69313200329A20 /* Images.xcassets */; };
		AF6AE8B91B69313200329A20 /* LaunchScreen.xib in Resources */ = {isa = PBXBuildFile; fileRef = AF6AE8B71B69313200329A20 /* LaunchScreen.xib */; };
		AF6AE8C51B69313300329A20 /* BMI_CalculatorTests.swift in Sources */ = {isa = PBXBuildFile; fileRef = AF6AE8C41B69313300329A20 /* BMI_CalculatorTests.swift */; };
		AF7DE7FC1B6F37BD008FB548 /* coffee.jpg in Resources */ = {isa = PBXBuildFile; fileRef = AF7DE7FB1B6F37BD008FB548 /* coffee.jpg */; };
		AF7DE7FE1B706491008FB548 /* teeth.jpg in Resources */ = {isa = PBXBuildFile; fileRef = AF7DE7FD1B706491008FB548 /* teeth.jpg */; };
		AF9B1C261B6E802800C9E991 /* weight@2x.png in Resources */ = {isa = PBXBuildFile; fileRef = AF9B1C251B6E802800C9E991 /* weight@2x.png */; };
		AF9B1C2C1B6E887800C9E991 /* tips@2x.png in Resources */ = {isa = PBXBuildFile; fileRef = AF9B1C2B1B6E887800C9E991 /* tips@2x.png */; };
		AF9B1C301B6E8B2500C9E991 /* TipsViewController.swift in Sources */ = {isa = PBXBuildFile; fileRef = AF9B1C2F1B6E8B2500C9E991 /* TipsViewController.swift */; };
		AFCAE6A41B7C49D300C780FA /* liftweights.jpg in Resources */ = {isa = PBXBuildFile; fileRef = AFCAE6A31B7C49D300C780FA /* liftweights.jpg */; };
		AFCAE6A61B7C55E800C780FA /* question@2x.png in Resources */ = {isa = PBXBuildFile; fileRef = AFCAE6A51B7C55E800C780FA /* question@2x.png */; };
		AFCAE6A81B7C567E00C780FA /* QuizViewController.swift in Sources */ = {isa = PBXBuildFile; fileRef = AFCAE6A71B7C567E00C780FA /* QuizViewController.swift */; };
/* End PBXBuildFile section */

/* Begin PBXContainerItemProxy section */
		AF6AE8BF1B69313300329A20 /* PBXContainerItemProxy */ = {
			isa = PBXContainerItemProxy;
			containerPortal = AF6AE8A11B69313200329A20 /* Project object */;
			proxyType = 1;
			remoteGlobalIDString = AF6AE8A81B69313200329A20;
			remoteInfo = "BMI Calculator";
		};
/* End PBXContainerItemProxy section */

/* Begin PBXFileReference section */
		AF5E44E71BA72776000126C0 /* QuizTableViewController.swift */ = {isa = PBXFileReference; fileEncoding = 4; lastKnownFileType = sourcecode.swift; path = QuizTableViewController.swift; sourceTree = "<group>"; };
		AF5E44EA1BA727A5000126C0 /* Base */ = {isa = PBXFileReference; lastKnownFileType = text.plist.xml; name = Base; path = Base.lproj/Quiz.plist; sourceTree = "<group>"; };
		AF617B6D1B8C93D70091A5F1 /* AsyncButton.swift */ = {isa = PBXFileReference; fileEncoding = 4; lastKnownFileType = sourcecode.swift; path = AsyncButton.swift; sourceTree = "<group>"; };
		AF617B6E1B8C93D70091A5F1 /* AsyncImageView.swift */ = {isa = PBXFileReference; fileEncoding = 4; lastKnownFileType = sourcecode.swift; path = AsyncImageView.swift; sourceTree = "<group>"; };
		AF617B6F1B8C93D70091A5F1 /* AutoTextView.swift */ = {isa = PBXFileReference; fileEncoding = 4; lastKnownFileType = sourcecode.swift; path = AutoTextView.swift; sourceTree = "<group>"; };
		AF617B701B8C93D70091A5F1 /* BlurView.swift */ = {isa = PBXFileReference; fileEncoding = 4; lastKnownFileType = sourcecode.swift; path = BlurView.swift; sourceTree = "<group>"; };
		AF617B711B8C93D70091A5F1 /* DesignableButton.swift */ = {isa = PBXFileReference; fileEncoding = 4; lastKnownFileType = sourcecode.swift; path = DesignableButton.swift; sourceTree = "<group>"; };
		AF617B721B8C93D70091A5F1 /* DesignableImageView.swift */ = {isa = PBXFileReference; fileEncoding = 4; lastKnownFileType = sourcecode.swift; path = DesignableImageView.swift; sourceTree = "<group>"; };
		AF617B731B8C93D70091A5F1 /* DesignableLabel.swift */ = {isa = PBXFileReference; fileEncoding = 4; lastKnownFileType = sourcecode.swift; path = DesignableLabel.swift; sourceTree = "<group>"; };
		AF617B741B8C93D70091A5F1 /* DesignableTabBarController.swift */ = {isa = PBXFileReference; fileEncoding = 4; lastKnownFileType = sourcecode.swift; path = DesignableTabBarController.swift; sourceTree = "<group>"; };
		AF617B751B8C93D70091A5F1 /* DesignableTextField.swift */ = {isa = PBXFileReference; fileEncoding = 4; lastKnownFileType = sourcecode.swift; path = DesignableTextField.swift; sourceTree = "<group>"; };
		AF617B761B8C93D70091A5F1 /* DesignableTextView.swift */ = {isa = PBXFileReference; fileEncoding = 4; lastKnownFileType = sourcecode.swift; path = DesignableTextView.swift; sourceTree = "<group>"; };
		AF617B771B8C93D70091A5F1 /* DesignableView.swift */ = {isa = PBXFileReference; fileEncoding = 4; lastKnownFileType = sourcecode.swift; path = DesignableView.swift; sourceTree = "<group>"; };
		AF617B781B8C93D70091A5F1 /* ImageLoader.swift */ = {isa = PBXFileReference; fileEncoding = 4; lastKnownFileType = sourcecode.swift; path = ImageLoader.swift; sourceTree = "<group>"; };
		AF617B791B8C93D70091A5F1 /* Info.plist */ = {isa = PBXFileReference; fileEncoding = 4; lastKnownFileType = text.plist.xml; path = Info.plist; sourceTree = "<group>"; };
		AF617B7A1B8C93D70091A5F1 /* KeyboardLayoutConstraint.swift */ = {isa = PBXFileReference; fileEncoding = 4; lastKnownFileType = sourcecode.swift; path = KeyboardLayoutConstraint.swift; sourceTree = "<group>"; };
		AF617B7B1B8C93D70091A5F1 /* LoadingView.swift */ = {isa = PBXFileReference; fileEncoding = 4; lastKnownFileType = sourcecode.swift; path = LoadingView.swift; sourceTree = "<group>"; };
		AF617B7C1B8C93D70091A5F1 /* LoadingView.xib */ = {isa = PBXFileReference; fileEncoding = 4; lastKnownFileType = file.xib; path = LoadingView.xib; sourceTree = "<group>"; };
		AF617B7D1B8C93D70091A5F1 /* Misc.swift */ = {isa = PBXFileReference; fileEncoding = 4; lastKnownFileType = sourcecode.swift; path = Misc.swift; sourceTree = "<group>"; };
		AF617B7E1B8C93D70091A5F1 /* SoundPlayer.swift */ = {isa = PBXFileReference; fileEncoding = 4; lastKnownFileType = sourcecode.swift; path = SoundPlayer.swift; sourceTree = "<group>"; };
		AF617B7F1B8C93D70091A5F1 /* Spring.h */ = {isa = PBXFileReference; fileEncoding = 4; lastKnownFileType = sourcecode.c.h; path = Spring.h; sourceTree = "<group>"; };
		AF617B801B8C93D70091A5F1 /* Spring.swift */ = {isa = PBXFileReference; fileEncoding = 4; lastKnownFileType = sourcecode.swift; path = Spring.swift; sourceTree = "<group>"; };
		AF617B811B8C93D70091A5F1 /* SpringAnimation.swift */ = {isa = PBXFileReference; fileEncoding = 4; lastKnownFileType = sourcecode.swift; path = SpringAnimation.swift; sourceTree = "<group>"; };
		AF617B821B8C93D70091A5F1 /* SpringButton.swift */ = {isa = PBXFileReference; fileEncoding = 4; lastKnownFileType = sourcecode.swift; path = SpringButton.swift; sourceTree = "<group>"; };
		AF617B831B8C93D70091A5F1 /* SpringImageView.swift */ = {isa = PBXFileReference; fileEncoding = 4; lastKnownFileType = sourcecode.swift; path = SpringImageView.swift; sourceTree = "<group>"; };
		AF617B841B8C93D70091A5F1 /* SpringLabel.swift */ = {isa = PBXFileReference; fileEncoding = 4; lastKnownFileType = sourcecode.swift; path = SpringLabel.swift; sourceTree = "<group>"; };
		AF617B851B8C93D70091A5F1 /* SpringTextField.swift */ = {isa = PBXFileReference; fileEncoding = 4; lastKnownFileType = sourcecode.swift; path = SpringTextField.swift; sourceTree = "<group>"; };
		AF617B861B8C93D70091A5F1 /* SpringTextView.swift */ = {isa = PBXFileReference; fileEncoding = 4; lastKnownFileType = sourcecode.swift; path = SpringTextView.swift; sourceTree = "<group>"; };
		AF617B871B8C93D70091A5F1 /* SpringView.swift */ = {isa = PBXFileReference; fileEncoding = 4; lastKnownFileType = sourcecode.swift; path = SpringView.swift; sourceTree = "<group>"; };
		AF617B881B8C93D70091A5F1 /* TransitionManager.swift */ = {isa = PBXFileReference; fileEncoding = 4; lastKnownFileType = sourcecode.swift; path = TransitionManager.swift; sourceTree = "<group>"; };
		AF617B891B8C93D70091A5F1 /* TransitionZoom.swift */ = {isa = PBXFileReference; fileEncoding = 4; lastKnownFileType = sourcecode.swift; path = TransitionZoom.swift; sourceTree = "<group>"; };
		AF617B8A1B8C93D70091A5F1 /* UnwindSegue.swift */ = {isa = PBXFileReference; fileEncoding = 4; lastKnownFileType = sourcecode.swift; path = UnwindSegue.swift; sourceTree = "<group>"; };
		AF6AE8A91B69313200329A20 /* BMI Calculator.app */ = {isa = PBXFileReference; explicitFileType = wrapper.application; includeInIndex = 0; path = "BMI Calculator.app"; sourceTree = BUILT_PRODUCTS_DIR; };
		AF6AE8AD1B69313200329A20 /* Info.plist */ = {isa = PBXFileReference; lastKnownFileType = text.plist.xml; path = Info.plist; sourceTree = "<group>"; };
		AF6AE8AE1B69313200329A20 /* AppDelegate.swift */ = {isa = PBXFileReference; lastKnownFileType = sourcecode.swift; path = AppDelegate.swift; sourceTree = "<group>"; };
		AF6AE8B01B69313200329A20 /* ViewController.swift */ = {isa = PBXFileReference; lastKnownFileType = sourcecode.swift; path = ViewController.swift; sourceTree = "<group>"; };
		AF6AE8B31B69313200329A20 /* Base */ = {isa = PBXFileReference; lastKnownFileType = file.storyboard; name = Base; path = Base.lproj/Main.storyboard; sourceTree = "<group>"; };
		AF6AE8B51B69313200329A20 /* Images.xcassets */ = {isa = PBXFileReference; lastKnownFileType = folder.assetcatalog; path = Images.xcassets; sourceTree = "<group>"; };
		AF6AE8B81B69313200329A20 /* Base */ = {isa = PBXFileReference; lastKnownFileType = file.xib; name = Base; path = Base.lproj/LaunchScreen.xib; sourceTree = "<group>"; };
		AF6AE8BE1B69313300329A20 /* BMI CalculatorTests.xctest */ = {isa = PBXFileReference; explicitFileType = wrapper.cfbundle; includeInIndex = 0; path = "BMI CalculatorTests.xctest"; sourceTree = BUILT_PRODUCTS_DIR; };
		AF6AE8C31B69313300329A20 /* Info.plist */ = {isa = PBXFileReference; lastKnownFileType = text.plist.xml; path = Info.plist; sourceTree = "<group>"; };
		AF6AE8C41B69313300329A20 /* BMI_CalculatorTests.swift */ = {isa = PBXFileReference; lastKnownFileType = sourcecode.swift; path = BMI_CalculatorTests.swift; sourceTree = "<group>"; };
		AF7DE7FB1B6F37BD008FB548 /* coffee.jpg */ = {isa = PBXFileReference; lastKnownFileType = image.jpeg; path = coffee.jpg; sourceTree = "<group>"; };
		AF7DE7FD1B706491008FB548 /* teeth.jpg */ = {isa = PBXFileReference; lastKnownFileType = image.jpeg; path = teeth.jpg; sourceTree = "<group>"; };
		AF9B1C251B6E802800C9E991 /* weight@2x.png */ = {isa = PBXFileReference; lastKnownFileType = image.png; path = "weight@2x.png"; sourceTree = "<group>"; };
		AF9B1C2B1B6E887800C9E991 /* tips@2x.png */ = {isa = PBXFileReference; lastKnownFileType = image.png; path = "tips@2x.png"; sourceTree = "<group>"; };
		AF9B1C2F1B6E8B2500C9E991 /* TipsViewController.swift */ = {isa = PBXFileReference; fileEncoding = 4; lastKnownFileType = sourcecode.swift; path = TipsViewController.swift; sourceTree = "<group>"; };
		AFCAE6A31B7C49D300C780FA /* liftweights.jpg */ = {isa = PBXFileReference; lastKnownFileType = image.jpeg; path = liftweights.jpg; sourceTree = "<group>"; };
		AFCAE6A51B7C55E800C780FA /* question@2x.png */ = {isa = PBXFileReference; lastKnownFileType = image.png; path = "question@2x.png"; sourceTree = "<group>"; };
		AFCAE6A71B7C567E00C780FA /* QuizViewController.swift */ = {isa = PBXFileReference; fileEncoding = 4; lastKnownFileType = sourcecode.swift; path = QuizViewController.swift; sourceTree = "<group>"; };
/* End PBXFileReference section */

/* Begin PBXFrameworksBuildPhase section */
		AF6AE8A61B69313200329A20 /* Frameworks */ = {
			isa = PBXFrameworksBuildPhase;
			buildActionMask = 2147483647;
			files = (
			);
			runOnlyForDeploymentPostprocessing = 0;
		};
		AF6AE8BB1B69313300329A20 /* Frameworks */ = {
			isa = PBXFrameworksBuildPhase;
			buildActionMask = 2147483647;
			files = (
			);
			runOnlyForDeploymentPostprocessing = 0;
		};
/* End PBXFrameworksBuildPhase section */

/* Begin PBXGroup section */
		AF617B6C1B8C93D70091A5F1 /* Spring */ = {
			isa = PBXGroup;
			children = (
				AF617B6D1B8C93D70091A5F1 /* AsyncButton.swift */,
				AF617B6E1B8C93D70091A5F1 /* AsyncImageView.swift */,
				AF617B6F1B8C93D70091A5F1 /* AutoTextView.swift */,
				AF617B701B8C93D70091A5F1 /* BlurView.swift */,
				AF617B711B8C93D70091A5F1 /* DesignableButton.swift */,
				AF617B721B8C93D70091A5F1 /* DesignableImageView.swift */,
				AF617B731B8C93D70091A5F1 /* DesignableLabel.swift */,
				AF617B741B8C93D70091A5F1 /* DesignableTabBarController.swift */,
				AF617B751B8C93D70091A5F1 /* DesignableTextField.swift */,
				AF617B761B8C93D70091A5F1 /* DesignableTextView.swift */,
				AF617B771B8C93D70091A5F1 /* DesignableView.swift */,
				AF617B781B8C93D70091A5F1 /* ImageLoader.swift */,
				AF617B791B8C93D70091A5F1 /* Info.plist */,
				AF617B7A1B8C93D70091A5F1 /* KeyboardLayoutConstraint.swift */,
				AF617B7B1B8C93D70091A5F1 /* LoadingView.swift */,
				AF617B7C1B8C93D70091A5F1 /* LoadingView.xib */,
				AF617B7D1B8C93D70091A5F1 /* Misc.swift */,
				AF617B7E1B8C93D70091A5F1 /* SoundPlayer.swift */,
				AF617B7F1B8C93D70091A5F1 /* Spring.h */,
				AF617B801B8C93D70091A5F1 /* Spring.swift */,
				AF617B811B8C93D70091A5F1 /* SpringAnimation.swift */,
				AF617B821B8C93D70091A5F1 /* SpringButton.swift */,
				AF617B831B8C93D70091A5F1 /* SpringImageView.swift */,
				AF617B841B8C93D70091A5F1 /* SpringLabel.swift */,
				AF617B851B8C93D70091A5F1 /* SpringTextField.swift */,
				AF617B861B8C93D70091A5F1 /* SpringTextView.swift */,
				AF617B871B8C93D70091A5F1 /* SpringView.swift */,
				AF617B881B8C93D70091A5F1 /* TransitionManager.swift */,
				AF617B891B8C93D70091A5F1 /* TransitionZoom.swift */,
				AF617B8A1B8C93D70091A5F1 /* UnwindSegue.swift */,
			);
			path = Spring;
			sourceTree = "<group>";
		};
		AF6AE8A01B69313200329A20 = {
			isa = PBXGroup;
			children = (
				AF6AE8AB1B69313200329A20 /* BMI Calculator */,
				AF6AE8C11B69313300329A20 /* BMI CalculatorTests */,
				AF6AE8AA1B69313200329A20 /* Products */,
			);
			sourceTree = "<group>";
		};
		AF6AE8AA1B69313200329A20 /* Products */ = {
			isa = PBXGroup;
			children = (
				AF6AE8A91B69313200329A20 /* BMI Calculator.app */,
				AF6AE8BE1B69313300329A20 /* BMI CalculatorTests.xctest */,
			);
			name = Products;
			sourceTree = "<group>";
		};
		AF6AE8AB1B69313200329A20 /* BMI Calculator */ = {
			isa = PBXGroup;
			children = (
				AF617B6C1B8C93D70091A5F1 /* Spring */,
				AF6AE8AE1B69313200329A20 /* AppDelegate.swift */,
				AF5E44E71BA72776000126C0 /* QuizTableViewController.swift */,
				AF5E44E91BA727A5000126C0 /* Quiz.plist */,
				AF6AE8B01B69313200329A20 /* ViewController.swift */,
				AF9B1C251B6E802800C9E991 /* weight@2x.png */,
				AF9B1C2B1B6E887800C9E991 /* tips@2x.png */,
				AF6AE8B21B69313200329A20 /* Main.storyboard */,
				AFCAE6A51B7C55E800C780FA /* question@2x.png */,
				AF7DE7FD1B706491008FB548 /* teeth.jpg */,
				AFCAE6A31B7C49D300C780FA /* liftweights.jpg */,
				AF9B1C2F1B6E8B2500C9E991 /* TipsViewController.swift */,
				AFCAE6A71B7C567E00C780FA /* QuizViewController.swift */,
				AF6AE8B51B69313200329A20 /* Images.xcassets */,
				AF6AE8B71B69313200329A20 /* LaunchScreen.xib */,
				AF7DE7FB1B6F37BD008FB548 /* coffee.jpg */,
				AF6AE8AC1B69313200329A20 /* Supporting Files */,
			);
			path = "BMI Calculator";
			sourceTree = "<group>";
		};
		AF6AE8AC1B69313200329A20 /* Supporting Files */ = {
			isa = PBXGroup;
			children = (
				AF6AE8AD1B69313200329A20 /* Info.plist */,
			);
			name = "Supporting Files";
			sourceTree = "<group>";
		};
		AF6AE8C11B69313300329A20 /* BMI CalculatorTests */ = {
			isa = PBXGroup;
			children = (
				AF6AE8C41B69313300329A20 /* BMI_CalculatorTests.swift */,
				AF6AE8C21B69313300329A20 /* Supporting Files */,
			);
			path = "BMI CalculatorTests";
			sourceTree = "<group>";
		};
		AF6AE8C21B69313300329A20 /* Supporting Files */ = {
			isa = PBXGroup;
			children = (
				AF6AE8C31B69313300329A20 /* Info.plist */,
			);
			name = "Supporting Files";
			sourceTree = "<group>";
		};
/* End PBXGroup section */

/* Begin PBXNativeTarget section */
		AF6AE8A81B69313200329A20 /* BMI Calculator */ = {
			isa = PBXNativeTarget;
			buildConfigurationList = AF6AE8C81B69313300329A20 /* Build configuration list for PBXNativeTarget "BMI Calculator" */;
			buildPhases = (
				AF6AE8A51B69313200329A20 /* Sources */,
				AF6AE8A61B69313200329A20 /* Frameworks */,
				AF6AE8A71B69313200329A20 /* Resources */,
			);
			buildRules = (
			);
			dependencies = (
			);
			name = "BMI Calculator";
			productName = "BMI Calculator";
			productReference = AF6AE8A91B69313200329A20 /* BMI Calculator.app */;
			productType = "com.apple.product-type.application";
		};
		AF6AE8BD1B69313300329A20 /* BMI CalculatorTests */ = {
			isa = PBXNativeTarget;
			buildConfigurationList = AF6AE8CB1B69313300329A20 /* Build configuration list for PBXNativeTarget "BMI CalculatorTests" */;
			buildPhases = (
				AF6AE8BA1B69313300329A20 /* Sources */,
				AF6AE8BB1B69313300329A20 /* Frameworks */,
				AF6AE8BC1B69313300329A20 /* Resources */,
			);
			buildRules = (
			);
			dependencies = (
				AF6AE8C01B69313300329A20 /* PBXTargetDependency */,
			);
			name = "BMI CalculatorTests";
			productName = "BMI CalculatorTests";
			productReference = AF6AE8BE1B69313300329A20 /* BMI CalculatorTests.xctest */;
			productType = "com.apple.product-type.bundle.unit-test";
		};
/* End PBXNativeTarget section */

/* Begin PBXProject section */
		AF6AE8A11B69313200329A20 /* Project object */ = {
			isa = PBXProject;
			attributes = {
				LastUpgradeCheck = 0640;
				ORGANIZATIONNAME = Tinkercademy;
				TargetAttributes = {
					AF6AE8A81B69313200329A20 = {
						CreatedOnToolsVersion = 6.4;
					};
					AF6AE8BD1B69313300329A20 = {
						CreatedOnToolsVersion = 6.4;
						TestTargetID = AF6AE8A81B69313200329A20;
					};
				};
			};
			buildConfigurationList = AF6AE8A41B69313200329A20 /* Build configuration list for PBXProject "BMI Calculator" */;
			compatibilityVersion = "Xcode 3.2";
			developmentRegion = English;
			hasScannedForEncodings = 0;
			knownRegions = (
				en,
				Base,
			);
			mainGroup = AF6AE8A01B69313200329A20;
			productRefGroup = AF6AE8AA1B69313200329A20 /* Products */;
			projectDirPath = "";
			projectRoot = "";
			targets = (
				AF6AE8A81B69313200329A20 /* BMI Calculator */,
				AF6AE8BD1B69313300329A20 /* BMI CalculatorTests */,
			);
		};
/* End PBXProject section */

/* Begin PBXResourcesBuildPhase section */
		AF6AE8A71B69313200329A20 /* Resources */ = {
			isa = PBXResourcesBuildPhase;
			buildActionMask = 2147483647;
			files = (
				AF6AE8B41B69313200329A20 /* Main.storyboard in Resources */,
				AF5E44EB1BA727A5000126C0 /* Quiz.plist in Resources */,
				AF7DE7FE1B706491008FB548 /* teeth.jpg in Resources */,
				AF6AE8B91B69313200329A20 /* LaunchScreen.xib in Resources */,
				AFCAE6A61B7C55E800C780FA /* question@2x.png in Resources */,
				AF9B1C261B6E802800C9E991 /* weight@2x.png in Resources */,
				AFCAE6A41B7C49D300C780FA /* liftweights.jpg in Resources */,
				AF7DE7FC1B6F37BD008FB548 /* coffee.jpg in Resources */,
				AF6AE8B61B69313200329A20 /* Images.xcassets in Resources */,
				AF617B971B8C93D70091A5F1 /* Info.plist in Resources */,
				AF617B9A1B8C93D70091A5F1 /* LoadingView.xib in Resources */,
				AF9B1C2C1B6E887800C9E991 /* tips@2x.png in Resources */,
			);
			runOnlyForDeploymentPostprocessing = 0;
		};
		AF6AE8BC1B69313300329A20 /* Resources */ = {
			isa = PBXResourcesBuildPhase;
			buildActionMask = 2147483647;
			files = (
			);
			runOnlyForDeploymentPostprocessing = 0;
		};
/* End PBXResourcesBuildPhase section */

/* Begin PBXSourcesBuildPhase section */
		AF6AE8A51B69313200329A20 /* Sources */ = {
			isa = PBXSourcesBuildPhase;
			buildActionMask = 2147483647;
			files = (
				AF6AE8B11B69313200329A20 /* ViewController.swift in Sources */,
				AF617B8E1B8C93D70091A5F1 /* BlurView.swift in Sources */,
				AF617B981B8C93D70091A5F1 /* KeyboardLayoutConstraint.swift in Sources */,
				AF617BA31B8C93D70091A5F1 /* SpringTextView.swift in Sources */,
				AF617B8B1B8C93D70091A5F1 /* AsyncButton.swift in Sources */,
				AF617B941B8C93D70091A5F1 /* DesignableTextView.swift in Sources */,
				AF617BA71B8C93D70091A5F1 /* UnwindSegue.swift in Sources */,
				AF617BA11B8C93D70091A5F1 /* SpringLabel.swift in Sources */,
				AF5E44E81BA72776000126C0 /* QuizTableViewController.swift in Sources */,
				AF6AE8AF1B69313200329A20 /* AppDelegate.swift in Sources */,
				AF617B8D1B8C93D70091A5F1 /* AutoTextView.swift in Sources */,
				AF617B9E1B8C93D70091A5F1 /* SpringAnimation.swift in Sources */,
				AF617B961B8C93D70091A5F1 /* ImageLoader.swift in Sources */,
				AF617BA21B8C93D70091A5F1 /* SpringTextField.swift in Sources */,
				AF9B1C301B6E8B2500C9E991 /* TipsViewController.swift in Sources */,
				AF617B901B8C93D70091A5F1 /* DesignableImageView.swift in Sources */,
				AF617B9C1B8C93D70091A5F1 /* SoundPlayer.swift in Sources */,
				AF617B9B1B8C93D70091A5F1 /* Misc.swift in Sources */,
				AF617B951B8C93D70091A5F1 /* DesignableView.swift in Sources */,
				AF617BA41B8C93D70091A5F1 /* SpringView.swift in Sources */,
				AFCAE6A81B7C567E00C780FA /* QuizViewController.swift in Sources */,
				AF617B8C1B8C93D70091A5F1 /* AsyncImageView.swift in Sources */,
				AF617B8F1B8C93D70091A5F1 /* DesignableButton.swift in Sources */,
				AF617BA61B8C93D70091A5F1 /* TransitionZoom.swift in Sources */,
				AF617BA01B8C93D70091A5F1 /* SpringImageView.swift in Sources */,
				AF617B9F1B8C93D70091A5F1 /* SpringButton.swift in Sources */,
				AF617B921B8C93D70091A5F1 /* DesignableTabBarController.swift in Sources */,
				AF617B911B8C93D70091A5F1 /* DesignableLabel.swift in Sources */,
				AF617BA51B8C93D70091A5F1 /* TransitionManager.swift in Sources */,
				AF617B931B8C93D70091A5F1 /* DesignableTextField.swift in Sources */,
				AF617B991B8C93D70091A5F1 /* LoadingView.swift in Sources */,
				AF617B9D1B8C93D70091A5F1 /* Spring.swift in Sources */,
			);
			runOnlyForDeploymentPostprocessing = 0;
		};
		AF6AE8BA1B69313300329A20 /* Sources */ = {
			isa = PBXSourcesBuildPhase;
			buildActionMask = 2147483647;
			files = (
				AF6AE8C51B69313300329A20 /* BMI_CalculatorTests.swift in Sources */,
			);
			runOnlyForDeploymentPostprocessing = 0;
		};
/* End PBXSourcesBuildPhase section */

/* Begin PBXTargetDependency section */
		AF6AE8C01B69313300329A20 /* PBXTargetDependency */ = {
			isa = PBXTargetDependency;
			target = AF6AE8A81B69313200329A20 /* BMI Calculator */;
			targetProxy = AF6AE8BF1B69313300329A20 /* PBXContainerItemProxy */;
		};
/* End PBXTargetDependency section */

/* Begin PBXVariantGroup section */
		AF5E44E91BA727A5000126C0 /* Quiz.plist */ = {
			isa = PBXVariantGroup;
			children = (
				AF5E44EA1BA727A5000126C0 /* Base */,
			);
			name = Quiz.plist;
			sourceTree = "<group>";
		};
		AF6AE8B21B69313200329A20 /* Main.storyboard */ = {
			isa = PBXVariantGroup;
			children = (
				AF6AE8B31B69313200329A20 /* Base */,
			);
			name = Main.storyboard;
			sourceTree = "<group>";
		};
		AF6AE8B71B69313200329A20 /* LaunchScreen.xib */ = {
			isa = PBXVariantGroup;
			children = (
				AF6AE8B81B69313200329A20 /* Base */,
			);
			name = LaunchScreen.xib;
			sourceTree = "<group>";
		};
/* End PBXVariantGroup section */

/* Begin XCBuildConfiguration section */
		AF6AE8C61B69313300329A20 /* Debug */ = {
			isa = XCBuildConfiguration;
			buildSettings = {
				ALWAYS_SEARCH_USER_PATHS = NO;
				CLANG_CXX_LANGUAGE_STANDARD = "gnu++0x";
				CLANG_CXX_LIBRARY = "libc++";
				CLANG_ENABLE_MODULES = YES;
				CLANG_ENABLE_OBJC_ARC = YES;
				CLANG_WARN_BOOL_CONVERSION = YES;
				CLANG_WARN_CONSTANT_CONVERSION = YES;
				CLANG_WARN_DIRECT_OBJC_ISA_USAGE = YES_ERROR;
				CLANG_WARN_EMPTY_BODY = YES;
				CLANG_WARN_ENUM_CONVERSION = YES;
				CLANG_WARN_INT_CONVERSION = YES;
				CLANG_WARN_OBJC_ROOT_CLASS = YES_ERROR;
				CLANG_WARN_UNREACHABLE_CODE = YES;
				CLANG_WARN__DUPLICATE_METHOD_MATCH = YES;
				"CODE_SIGN_IDENTITY[sdk=iphoneos*]" = "iPhone Developer";
				COPY_PHASE_STRIP = NO;
				DEBUG_INFORMATION_FORMAT = "dwarf-with-dsym";
				ENABLE_STRICT_OBJC_MSGSEND = YES;
				GCC_C_LANGUAGE_STANDARD = gnu99;
				GCC_DYNAMIC_NO_PIC = NO;
				GCC_NO_COMMON_BLOCKS = YES;
				GCC_OPTIMIZATION_LEVEL = 0;
				GCC_PREPROCESSOR_DEFINITIONS = (
					"DEBUG=1",
					"$(inherited)",
				);
				GCC_SYMBOLS_PRIVATE_EXTERN = NO;
				GCC_WARN_64_TO_32_BIT_CONVERSION = YES;
				GCC_WARN_ABOUT_RETURN_TYPE = YES_ERROR;
				GCC_WARN_UNDECLARED_SELECTOR = YES;
				GCC_WARN_UNINITIALIZED_AUTOS = YES_AGGRESSIVE;
				GCC_WARN_UNUSED_FUNCTION = YES;
				GCC_WARN_UNUSED_VARIABLE = YES;
				IPHONEOS_DEPLOYMENT_TARGET = 8.4;
				MTL_ENABLE_DEBUG_INFO = YES;
				ONLY_ACTIVE_ARCH = YES;
				SDKROOT = iphoneos;
				SWIFT_OPTIMIZATION_LEVEL = "-Onone";
			};
			name = Debug;
		};
		AF6AE8C71B69313300329A20 /* Release */ = {
			isa = XCBuildConfiguration;
			buildSettings = {
				ALWAYS_SEARCH_USER_PATHS = NO;
				CLANG_CXX_LANGUAGE_STANDARD = "gnu++0x";
				CLANG_CXX_LIBRARY = "libc++";
				CLANG_ENABLE_MODULES = YES;
				CLANG_ENABLE_OBJC_ARC = YES;
				CLANG_WARN_BOOL_CONVERSION = YES;
				CLANG_WARN_CONSTANT_CONVERSION = YES;
				CLANG_WARN_DIRECT_OBJC_ISA_USAGE = YES_ERROR;
				CLANG_WARN_EMPTY_BODY = YES;
				CLANG_WARN_ENUM_CONVERSION = YES;
				CLANG_WARN_INT_CONVERSION = YES;
				CLANG_WARN_OBJC_ROOT_CLASS = YES_ERROR;
				CLANG_WARN_UNREACHABLE_CODE = YES;
				CLANG_WARN__DUPLICATE_METHOD_MATCH = YES;
				"CODE_SIGN_IDENTITY[sdk=iphoneos*]" = "iPhone Developer";
				COPY_PHASE_STRIP = NO;
				DEBUG_INFORMATION_FORMAT = "dwarf-with-dsym";
				ENABLE_NS_ASSERTIONS = NO;
				ENABLE_STRICT_OBJC_MSGSEND = YES;
				GCC_C_LANGUAGE_STANDARD = gnu99;
				GCC_NO_COMMON_BLOCKS = YES;
				GCC_WARN_64_TO_32_BIT_CONVERSION = YES;
				GCC_WARN_ABOUT_RETURN_TYPE = YES_ERROR;
				GCC_WARN_UNDECLARED_SELECTOR = YES;
				GCC_WARN_UNINITIALIZED_AUTOS = YES_AGGRESSIVE;
				GCC_WARN_UNUSED_FUNCTION = YES;
				GCC_WARN_UNUSED_VARIABLE = YES;
				IPHONEOS_DEPLOYMENT_TARGET = 8.4;
				MTL_ENABLE_DEBUG_INFO = NO;
				SDKROOT = iphoneos;
				VALIDATE_PRODUCT = YES;
			};
			name = Release;
		};
		AF6AE8C91B69313300329A20 /* Debug */ = {
			isa = XCBuildConfiguration;
			buildSettings = {
				ASSETCATALOG_COMPILER_APPICON_NAME = AppIcon;
				INFOPLIST_FILE = "BMI Calculator/Info.plist";
				IPHONEOS_DEPLOYMENT_TARGET = 8.2;
				LD_RUNPATH_SEARCH_PATHS = "$(inherited) @executable_path/Frameworks";
				PRODUCT_NAME = "$(TARGET_NAME)";
			};
			name = Debug;
		};
		AF6AE8CA1B69313300329A20 /* Release */ = {
			isa = XCBuildConfiguration;
			buildSettings = {
				ASSETCATALOG_COMPILER_APPICON_NAME = AppIcon;
				INFOPLIST_FILE = "BMI Calculator/Info.plist";
				IPHONEOS_DEPLOYMENT_TARGET = 8.2;
				LD_RUNPATH_SEARCH_PATHS = "$(inherited) @executable_path/Frameworks";
				PRODUCT_NAME = "$(TARGET_NAME)";
			};
			name = Release;
		};
		AF6AE8CC1B69313300329A20 /* Debug */ = {
			isa = XCBuildConfiguration;
			buildSettings = {
				BUNDLE_LOADER = "$(TEST_HOST)";
				FRAMEWORK_SEARCH_PATHS = (
					"$(SDKROOT)/Developer/Library/Frameworks",
					"$(inherited)",
				);
				GCC_PREPROCESSOR_DEFINITIONS = (
					"DEBUG=1",
					"$(inherited)",
				);
				INFOPLIST_FILE = "BMI CalculatorTests/Info.plist";
				LD_RUNPATH_SEARCH_PATHS = "$(inherited) @executable_path/Frameworks @loader_path/Frameworks";
				PRODUCT_NAME = "$(TARGET_NAME)";
				TEST_HOST = "$(BUILT_PRODUCTS_DIR)/BMI Calculator.app/BMI Calculator";
			};
			name = Debug;
		};
		AF6AE8CD1B69313300329A20 /* Release */ = {
			isa = XCBuildConfiguration;
			buildSettings = {
				BUNDLE_LOADER = "$(TEST_HOST)";
				FRAMEWORK_SEARCH_PATHS = (
					"$(SDKROOT)/Developer/Library/Frameworks",
					"$(inherited)",
				);
				INFOPLIST_FILE = "BMI CalculatorTests/Info.plist";
				LD_RUNPATH_SEARCH_PATHS = "$(inherited) @executable_path/Frameworks @loader_path/Frameworks";
				PRODUCT_NAME = "$(TARGET_NAME)";
				TEST_HOST = "$(BUILT_PRODUCTS_DIR)/BMI Calculator.app/BMI Calculator";
			};
			name = Release;
		};
/* End XCBuildConfiguration section */

/* Begin XCConfigurationList section */
		AF6AE8A41B69313200329A20 /* Build configuration list for PBXProject "BMI Calculator" */ = {
			isa = XCConfigurationList;
			buildConfigurations = (
				AF6AE8C61B69313300329A20 /* Debug */,
				AF6AE8C71B69313300329A20 /* Release */,
			);
			defaultConfigurationIsVisible = 0;
			defaultConfigurationName = Release;
		};
		AF6AE8C81B69313300329A20 /* Build configuration list for PBXNativeTarget "BMI Calculator" */ = {
			isa = XCConfigurationList;
			buildConfigurations = (
				AF6AE8C91B69313300329A20 /* Debug */,
				AF6AE8CA1B69313300329A20 /* Release */,
			);
			defaultConfigurationIsVisible = 0;
			defaultConfigurationName = Release;
		};
		AF6AE8CB1B69313300329A20 /* Build configuration list for PBXNativeTarget "BMI CalculatorTests" */ = {
			isa = XCConfigurationList;
			buildConfigurations = (
				AF6AE8CC1B69313300329A20 /* Debug */,
				AF6AE8CD1B69313300329A20 /* Release */,
			);
			defaultConfigurationIsVisible = 0;
			defaultConfigurationName = Release;
		};
/* End XCConfigurationList section */
	};
	rootObject = AF6AE8A11B69313200329A20 /* Project object */;
}
